
Microsoft Visual Studio Solution File, Format Version 12.00
# Visual Studio Version 16
VisualStudioVersion = 16.0.30907.101
MinimumVisualStudioVersion = 10.0.40219.1
Project("{FAE04EC0-301F-11D3-BF4B-00C04F79EFBC}") = "Exercise1", "Exercise1\Exercise1.csproj", "{AE54BDB6-A859-4CA0-BADB-E0CA24F5BBDB}"
EndProject
Global
	GlobalSection(SolutionConfigurationPlatforms) = preSolution
		Debug|Any CPU = Debug|Any CPU
		Release|Any CPU = Release|Any CPU
	EndGlobalSection
	GlobalSection(ProjectConfigurationPlatforms) = postSolution
		{AE54BDB6-A859-4CA0-BADB-E0CA24F5BBDB}.Debug|Any CPU.ActiveCfg = Debug|Any CPU
		{AE54BDB6-A859-4CA0-BADB-E0CA24F5BBDB}.Debug|Any CPU.Build.0 = Debug|Any CPU
		{AE54BDB6-A859-4CA0-BADB-E0CA24F5BBDB}.Release|Any CPU.ActiveCfg = Release|Any CPU
		{AE54BDB6-A859-4CA0-BADB-E0CA24F5BBDB}.Release|Any CPU.Build.0 = Release|Any CPU
	EndGlobalSection
	GlobalSection(SolutionProperties) = preSolution
		HideSolutionNode = FALSE
	EndGlobalSection
	GlobalSection(ExtensibilityGlobals) = postSolution
		SolutionGuid = {6F469571-061E-4FFC-B463-DE01EB2736DC}
	EndGlobalSection
EndGlobal
