
Microsoft Visual Studio Solution File, Format Version 12.00
# Visual Studio Version 16
VisualStudioVersion = 16.0.30907.101
MinimumVisualStudioVersion = 10.0.40219.1
Project("{FAE04EC0-301F-11D3-BF4B-00C04F79EFBC}") = "Exercise2", "Exercise2\Exercise2.csproj", "{1055C069-76A5-4D5E-BF80-B9BD8D439E76}"
EndProject
Global
	GlobalSection(SolutionConfigurationPlatforms) = preSolution
		Debug|Any CPU = Debug|Any CPU
		Release|Any CPU = Release|Any CPU
	EndGlobalSection
	GlobalSection(ProjectConfigurationPlatforms) = postSolution
		{1055C069-76A5-4D5E-BF80-B9BD8D439E76}.Debug|Any CPU.ActiveCfg = Debug|Any CPU
		{1055C069-76A5-4D5E-BF80-B9BD8D439E76}.Debug|Any CPU.Build.0 = Debug|Any CPU
		{1055C069-76A5-4D5E-BF80-B9BD8D439E76}.Release|Any CPU.ActiveCfg = Release|Any CPU
		{1055C069-76A5-4D5E-BF80-B9BD8D439E76}.Release|Any CPU.Build.0 = Release|Any CPU
	EndGlobalSection
	GlobalSection(SolutionProperties) = preSolution
		HideSolutionNode = FALSE
	EndGlobalSection
	GlobalSection(ExtensibilityGlobals) = postSolution
		SolutionGuid = {A86744DC-DD75-4092-B4AA-45C3047A2FFA}
	EndGlobalSection
EndGlobal
