
Microsoft Visual Studio Solution File, Format Version 12.00
# Visual Studio Version 16
VisualStudioVersion = 16.0.30907.101
MinimumVisualStudioVersion = 10.0.40219.1
Project("{FAE04EC0-301F-11D3-BF4B-00C04F79EFBC}") = "Fields", "Fields\Fields.csproj", "{82EDDFA8-67DD-47BE-A4EA-F9F416A32F99}"
EndProject
Global
	GlobalSection(SolutionConfigurationPlatforms) = preSolution
		Debug|Any CPU = Debug|Any CPU
		Release|Any CPU = Release|Any CPU
	EndGlobalSection
	GlobalSection(ProjectConfigurationPlatforms) = postSolution
		{82EDDFA8-67DD-47BE-A4EA-F9F416A32F99}.Debug|Any CPU.ActiveCfg = Debug|Any CPU
		{82EDDFA8-67DD-47BE-A4EA-F9F416A32F99}.Debug|Any CPU.Build.0 = Debug|Any CPU
		{82EDDFA8-67DD-47BE-A4EA-F9F416A32F99}.Release|Any CPU.ActiveCfg = Release|Any CPU
		{82EDDFA8-67DD-47BE-A4EA-F9F416A32F99}.Release|Any CPU.Build.0 = Release|Any CPU
	EndGlobalSection
	GlobalSection(SolutionProperties) = preSolution
		HideSolutionNode = FALSE
	EndGlobalSection
	GlobalSection(ExtensibilityGlobals) = postSolution
		SolutionGuid = {FA813073-1EA8-4053-B4F3-C7B73F11B7ED}
	EndGlobalSection
EndGlobal
